
Microsoft Visual Studio Solution File, Format Version 12.00
# Visual Studio Version 17
VisualStudioVersion = 17.14.36301.6
MinimumVisualStudioVersion = 10.0.40219.1
Project("{FAE04EC0-301F-11D3-BF4B-00C04F79EFBC}") = "EPS.Server", "EPS.Server\EPS.Server.csproj", "{18F73593-0B00-4C24-B0D2-1283F0EF75AA}"
EndProject
Project("{FAE04EC0-301F-11D3-BF4B-00C04F79EFBC}") = "EPS.Data", "EPS.Data\EPS.Data.csproj", "{D95B9E2B-C866-4481-AAEB-415AA20B9F20}"
EndProject
Global
	GlobalSection(SolutionConfigurationPlatforms) = preSolution
		Debug|Any CPU = Debug|Any CPU
		Release|Any CPU = Release|Any CPU
	EndGlobalSection
	GlobalSection(ProjectConfigurationPlatforms) = postSolution
		{18F73593-0B00-4C24-B0D2-1283F0EF75AA}.Debug|Any CPU.ActiveCfg = Debug|Any CPU
		{18F73593-0B00-4C24-B0D2-1283F0EF75AA}.Debug|Any CPU.Build.0 = Debug|Any CPU
		{18F73593-0B00-4C24-B0D2-1283F0EF75AA}.Release|Any CPU.ActiveCfg = Release|Any CPU
		{18F73593-0B00-4C24-B0D2-1283F0EF75AA}.Release|Any CPU.Build.0 = Release|Any CPU
		{D95B9E2B-C866-4481-AAEB-415AA20B9F20}.Debug|Any CPU.ActiveCfg = Debug|Any CPU
		{D95B9E2B-C866-4481-AAEB-415AA20B9F20}.Debug|Any CPU.Build.0 = Debug|Any CPU
		{D95B9E2B-C866-4481-AAEB-415AA20B9F20}.Release|Any CPU.ActiveCfg = Release|Any CPU
		{D95B9E2B-C866-4481-AAEB-415AA20B9F20}.Release|Any CPU.Build.0 = Release|Any CPU
	EndGlobalSection
	GlobalSection(SolutionProperties) = preSolution
		HideSolutionNode = FALSE
	EndGlobalSection
	GlobalSection(ExtensibilityGlobals) = postSolution
		SolutionGuid = {5FDA5B88-7738-4B4D-A739-29A8F35810F6}
	EndGlobalSection
EndGlobal
